
Microsoft Visual Studio Solution File, Format Version 12.00
# Visual Studio Version 16
VisualStudioVersion = 16.0.31624.102
MinimumVisualStudioVersion = 10.0.40219.1
Project("{FAE04EC0-301F-11D3-BF4B-00C04F79EFBC}") = "OpenStreet Parser", "OpenStreet Parser\OpenStreet Parser.csproj", "{72434952-07BF-4C6A-A24E-7BAB9292236A}"
EndProject
Global
	GlobalSection(SolutionConfigurationPlatforms) = preSolution
		Debug|Any CPU = Debug|Any CPU
		Release|Any CPU = Release|Any CPU
	EndGlobalSection
	GlobalSection(ProjectConfigurationPlatforms) = postSolution
		{72434952-07BF-4C6A-A24E-7BAB9292236A}.Debug|Any CPU.ActiveCfg = Debug|Any CPU
		{72434952-07BF-4C6A-A24E-7BAB9292236A}.Debug|Any CPU.Build.0 = Debug|Any CPU
		{72434952-07BF-4C6A-A24E-7BAB9292236A}.Release|Any CPU.ActiveCfg = Release|Any CPU
		{72434952-07BF-4C6A-A24E-7BAB9292236A}.Release|Any CPU.Build.0 = Release|Any CPU
	EndGlobalSection
	GlobalSection(SolutionProperties) = preSolution
		HideSolutionNode = FALSE
	EndGlobalSection
	GlobalSection(ExtensibilityGlobals) = postSolution
		SolutionGuid = {B70BCDBA-8182-4B25-8B36-935D7E34D568}
	EndGlobalSection
EndGlobal
